github.com/ebitengine/purego v0.3.0 h1:BDv9pD98k6AuGNQf3IF41dDppGBOe0F4AofvhFtBXF4=
github.com/ebitengine/purego v0.3.0/go.mod h1:iIjxzd6CiRiOG0UyXP+V1+jWqUXVjPKLAI0mRfJZTmQ=
github.com/hajimehoshi/go-mp3 v0.3.4 h1:NUP7pBYH8OguP4diaTZ9wJbUbk3tC0KlfzsEpWmYj68=
github.com/hajimehoshi/go-mp3 v0.3.4/go.mod h1:fRtZraRFcWb0pu7ok0LqyFhCUrPeMsGRSVop0eemFmo=
github.com/hajimehoshi/oto/v2 v2.3.1/go.mod h1:seWLbgHH7AyUMYKfKYT9pg7PhUu9/SisyJvNTT+ASQo=
github.com/hajimehoshi/oto/v2 v2.4.0 h1:2A8QvGJZ7nXwcfIIthaqWdzDn9Ul/er6oASiKcsfiLg=
github.com/hajimehoshi/oto/v2 v2.4.0/go.mod h1:74bRBgfJaEDpP3NyVyHIYBJE4DgzJ2IP5l/st5qcJog=
github.com/hegedustibor/htgo-tts v0.0.0-20230402053941-cd8d1a158135 h1:HWBBhNF2kQVwlPCmcJL3fQxkuzP2LOTiLOib5sx6swI=
github.com/hegedustibor/htgo-tts v0.0.0-20230402053941-cd8d1a158135/go.mod h1:VBNcur+xWvaQIWCaLH8w7j68zPeqQwVfjREn2S7kYbY=
golang.org/x/sys v0.0.0-20220712014510-0a85c31ab51e/go.mod h1:oPkhp1MJrh7nUepCBck5+mAzfO9JrbApNNgaTdGDITg=
golang.org/x/sys v0.8.0 h1:EBmGv8NaZBZTWvrbjNoL6HVt+IVy3QDQpJs7VRIw3tU=
golang.org/x/sys v0.8.0/go.mod h1:oPkhp1MJrh7nUepCBck5+mAzfO9JrbApNNgaTdGDITg=
